{
  "nodes": {
    "flake-utils": {
      "locked": {
        "lastModified": 1667395993,
        "narHash": "sha256-nuEHfE/LcWyuSWnS8t12N1wc105Qtau+/OdUAjtQ0rA=",
        "owner": "numtide",
        "repo": "flake-utils",
        "rev": "5aed5285a952e0b949eb3ba02c12fa4fcfef535f",
        "type": "github"
      },
      "original": {
        "owner": "numtide",
        "repo": "flake-utils",
        "type": "github"
      }
    },
    "home-manager": {
      "inputs": {
        "nixpkgs": [
          "nixpkgs"
        ],
        "utils": "utils"
      },
      "locked": {
        "lastModified": 1677711157,
        "narHash": "sha256-6/c88G/5i/SzjTcGix4e9d60aIRDlTZ0aVJ2iXSO/DA=",
        "owner": "nix-community",
        "repo": "home-manager",
        "rev": "a7d3f51e9e01cecebe9e00bf417bc2111c2a9202",
        "type": "github"
      },
      "original": {
        "owner": "nix-community",
        "ref": "release-22.11",
        "repo": "home-manager",
        "type": "github"
      }
    },
    "nixpkgs": {
      "locked": {
        "lastModified": 1677624842,
        "narHash": "sha256-4DF9DbDuK4/+KYx0L6XcPBeDHUFVCtzok2fWtwXtb5w=",
        "owner": "NixOS",
        "repo": "nixpkgs",
        "rev": "d70f5cd5c3bef45f7f52698f39e7cc7a89daa7f0",
        "type": "github"
      },
      "original": {
        "owner": "NixOS",
        "ref": "nixos-22.11",
        "repo": "nixpkgs",
        "type": "github"
      }
    },
    "nixpkgs-unstable": {
      "locked": {
        "lastModified": 1677722120,
        "narHash": "sha256-VXqq7tjfbWp7GKs6d0xAZ4zgxD/bFCUh6BW5Yw6Lm20=",
        "owner": "NixOS",
        "repo": "nixpkgs",
        "rev": "3374c1ab484d602e7b0f704e276253d682b9f2d0",
        "type": "github"
      },
      "original": {
        "owner": "NixOS",
        "ref": "master",
        "repo": "nixpkgs",
        "type": "github"
      }
    },
    "nixpkgs_2": {
      "locked": {
        "lastModified": 1672147338,
        "narHash": "sha256-3ug2RFpov38IhLpv3xYqfGHPRq1hGpn5c1GqQUH3WH4=",
        "owner": "nixos",
        "repo": "nixpkgs",
        "rev": "ea1b1810233b6c306efc4532506b3d369429efd0",
        "type": "github"
      },
      "original": {
        "owner": "nixos",
        "ref": "master",
        "repo": "nixpkgs",
        "type": "github"
      }
    },
    "root": {
      "inputs": {
        "home-manager": "home-manager",
        "nixpkgs": "nixpkgs",
        "nixpkgs-unstable": "nixpkgs-unstable",
        "skindle": "skindle"
      }
    },
    "skindle": {
      "inputs": {
        "flake-utils": "flake-utils",
        "nixpkgs": "nixpkgs_2"
      },
      "locked": {
        "lastModified": 1675563615,
        "narHash": "sha256-6i+BnyPfXSuUgJWhNb5WdXpG+5Szm5FKU47s51IysiI=",
        "owner": "canivit",
        "repo": "skindle",
        "rev": "5f133b934759510cf7e12dc8092e5926577c2d10",
        "type": "github"
      },
      "original": {
        "owner": "canivit",
        "repo": "skindle",
        "type": "github"
      }
    },
    "utils": {
      "locked": {
        "lastModified": 1667395993,
        "narHash": "sha256-nuEHfE/LcWyuSWnS8t12N1wc105Qtau+/OdUAjtQ0rA=",
        "owner": "numtide",
        "repo": "flake-utils",
        "rev": "5aed5285a952e0b949eb3ba02c12fa4fcfef535f",
        "type": "github"
      },
      "original": {
        "owner": "numtide",
        "repo": "flake-utils",
        "type": "github"
      }
    }
  },
  "root": "root",
  "version": 7
}
